
Microsoft Visual Studio Solution File, Format Version 12.00
# Visual Studio Version 17
VisualStudioVersion = 17.5.33530.505
MinimumVisualStudioVersion = 10.0.40219.1
Project("{FAE04EC0-301F-11D3-BF4B-00C04F79EFBC}") = "GameConway", "GameConway.csproj", "{A111B14F-89A0-44E0-8613-6F2F1D2703C9}"
EndProject
Global
	GlobalSection(SolutionConfigurationPlatforms) = preSolution
		Debug|Any CPU = Debug|Any CPU
		Release|Any CPU = Release|Any CPU
	EndGlobalSection
	GlobalSection(ProjectConfigurationPlatforms) = postSolution
		{A111B14F-89A0-44E0-8613-6F2F1D2703C9}.Debug|Any CPU.ActiveCfg = Debug|Any CPU
		{A111B14F-89A0-44E0-8613-6F2F1D2703C9}.Debug|Any CPU.Build.0 = Debug|Any CPU
		{A111B14F-89A0-44E0-8613-6F2F1D2703C9}.Release|Any CPU.ActiveCfg = Release|Any CPU
		{A111B14F-89A0-44E0-8613-6F2F1D2703C9}.Release|Any CPU.Build.0 = Release|Any CPU
	EndGlobalSection
	GlobalSection(SolutionProperties) = preSolution
		HideSolutionNode = FALSE
	EndGlobalSection
	GlobalSection(ExtensibilityGlobals) = postSolution
		SolutionGuid = {FA95A4A7-5702-48AC-9B43-717EA0633C7A}
	EndGlobalSection
EndGlobal
